
Microsoft Visual Studio Solution File, Format Version 12.00
# Visual Studio Version 17
VisualStudioVersion = 17.13.35825.156 d17.13
MinimumVisualStudioVersion = 10.0.40219.1
Project("{FAE04EC0-301F-11D3-BF4B-00C04F79EFBC}") = "BlazorMauiHybridApp", "BlazorMauiHybridApp.csproj", "{AA9B87FA-1ABD-48B3-BAFD-DD4296B8CDBE}"
EndProject
Global
	GlobalSection(SolutionConfigurationPlatforms) = preSolution
		Debug|Any CPU = Debug|Any CPU
		Release|Any CPU = Release|Any CPU
	EndGlobalSection
	GlobalSection(ProjectConfigurationPlatforms) = postSolution
		{AA9B87FA-1ABD-48B3-BAFD-DD4296B8CDBE}.Debug|Any CPU.ActiveCfg = Debug|Any CPU
		{AA9B87FA-1ABD-48B3-BAFD-DD4296B8CDBE}.Debug|Any CPU.Build.0 = Debug|Any CPU
		{AA9B87FA-1ABD-48B3-BAFD-DD4296B8CDBE}.Release|Any CPU.ActiveCfg = Release|Any CPU
		{AA9B87FA-1ABD-48B3-BAFD-DD4296B8CDBE}.Release|Any CPU.Build.0 = Release|Any CPU
	EndGlobalSection
	GlobalSection(SolutionProperties) = preSolution
		HideSolutionNode = FALSE
	EndGlobalSection
	GlobalSection(ExtensibilityGlobals) = postSolution
		SolutionGuid = {7365075A-F9D4-47AF-8AC1-4131D148B2C1}
	EndGlobalSection
EndGlobal
